// !$*UTF8*$!
{
	archiveVersion = 1;
	classes = {
	};
	objectVersion = 56;
	objects = {

/* Begin PBXBuildFile section */
		125BA5042A950EBE001C63EB /* LineDraw.swift in Sources */ = {isa = PBXBuildFile; fileRef = 125BA5032A950EBE001C63EB /* LineDraw.swift */; };
		128138582A94CAA300B2DC25 /* RecognizingGesturesApp.swift in Sources */ = {isa = PBXBuildFile; fileRef = 128138572A94CAA300B2DC25 /* RecognizingGesturesApp.swift */; };
		1281385A2A94CAA300B2DC25 /* ContentView.swift in Sources */ = {isa = PBXBuildFile; fileRef = 128138592A94CAA300B2DC25 /* ContentView.swift */; };
		1281385C2A94CAA500B2DC25 /* Assets.xcassets in Resources */ = {isa = PBXBuildFile; fileRef = 1281385B2A94CAA500B2DC25 /* Assets.xcassets */; };
		1281385F2A94CAA500B2DC25 /* Preview Assets.xcassets in Resources */ = {isa = PBXBuildFile; fileRef = 1281385E2A94CAA500B2DC25 /* Preview Assets.xcassets */; };
		128138662A94CEB300B2DC25 /* TapView.swift in Sources */ = {isa = PBXBuildFile; fileRef = 128138652A94CEB300B2DC25 /* TapView.swift */; };
		128138682A94D23200B2DC25 /* LongPress.swift in Sources */ = {isa = PBXBuildFile; fileRef = 128138672A94D23200B2DC25 /* LongPress.swift */; };
		1281386A2A94D66E00B2DC25 /* DragView.swift in Sources */ = {isa = PBXBuildFile; fileRef = 128138692A94D66E00B2DC25 /* DragView.swift */; };
		1281386C2A94F9D800B2DC25 /* RotateView.swift in Sources */ = {isa = PBXBuildFile; fileRef = 1281386B2A94F9D800B2DC25 /* RotateView.swift */; };
/* End PBXBuildFile section */

/* Begin PBXFileReference section */
		125BA5032A950EBE001C63EB /* LineDraw.swift */ = {isa = PBXFileReference; lastKnownFileType = sourcecode.swift; path = LineDraw.swift; sourceTree = "<group>"; };
		128138542A94CAA300B2DC25 /* RecognizingGestures.app */ = {isa = PBXFileReference; explicitFileType = wrapper.application; includeInIndex = 0; path = RecognizingGestures.app; sourceTree = BUILT_PRODUCTS_DIR; };
		128138572A94CAA300B2DC25 /* RecognizingGesturesApp.swift */ = {isa = PBXFileReference; lastKnownFileType = sourcecode.swift; path = RecognizingGesturesApp.swift; sourceTree = "<group>"; };
		128138592A94CAA300B2DC25 /* ContentView.swift */ = {isa = PBXFileReference; lastKnownFileType = sourcecode.swift; path = ContentView.swift; sourceTree = "<group>"; };
		1281385B2A94CAA500B2DC25 /* Assets.xcassets */ = {isa = PBXFileReference; lastKnownFileType = folder.assetcatalog; path = Assets.xcassets; sourceTree = "<group>"; };
		1281385E2A94CAA500B2DC25 /* Preview Assets.xcassets */ = {isa = PBXFileReference; lastKnownFileType = folder.assetcatalog; path = "Preview Assets.xcassets"; sourceTree = "<group>"; };
		128138652A94CEB300B2DC25 /* TapView.swift */ = {isa = PBXFileReference; lastKnownFileType = sourcecode.swift; path = TapView.swift; sourceTree = "<group>"; };
		128138672A94D23200B2DC25 /* LongPress.swift */ = {isa = PBXFileReference; lastKnownFileType = sourcecode.swift; path = LongPress.swift; sourceTree = "<group>"; };
		128138692A94D66E00B2DC25 /* DragView.swift */ = {isa = PBXFileReference; lastKnownFileType = sourcecode.swift; path = DragView.swift; sourceTree = "<group>"; };
		1281386B2A94F9D800B2DC25 /* RotateView.swift */ = {isa = PBXFileReference; lastKnownFileType = sourcecode.swift; path = RotateView.swift; sourceTree = "<group>"; };
/* End PBXFileReference section */

/* Begin PBXFrameworksBuildPhase section */
		128138512A94CAA300B2DC25 /* Frameworks */ = {
			isa = PBXFrameworksBuildPhase;
			buildActionMask = 2147483647;
			files = (
			);
			runOnlyForDeploymentPostprocessing = 0;
		};
/* End PBXFrameworksBuildPhase section */

/* Begin PBXGroup section */
		1281384B2A94CAA300B2DC25 = {
			isa = PBXGroup;
			children = (
				128138562A94CAA300B2DC25 /* RecognizingGestures */,
				128138552A94CAA300B2DC25 /* Products */,
			);
			sourceTree = "<group>";
		};
		128138552A94CAA300B2DC25 /* Products */ = {
			isa = PBXGroup;
			children = (
				128138542A94CAA300B2DC25 /* RecognizingGestures.app */,
			);
			name = Products;
			sourceTree = "<group>";
		};
		128138562A94CAA300B2DC25 /* RecognizingGestures */ = {
			isa = PBXGroup;
			children = (
				128138572A94CAA300B2DC25 /* RecognizingGesturesApp.swift */,
				128138652A94CEB300B2DC25 /* TapView.swift */,
				128138672A94D23200B2DC25 /* LongPress.swift */,
				1281386B2A94F9D800B2DC25 /* RotateView.swift */,
				128138692A94D66E00B2DC25 /* DragView.swift */,
				125BA5032A950EBE001C63EB /* LineDraw.swift */,
				128138592A94CAA300B2DC25 /* ContentView.swift */,
				1281385B2A94CAA500B2DC25 /* Assets.xcassets */,
				1281385D2A94CAA500B2DC25 /* Preview Content */,
			);
			path = RecognizingGestures;
			sourceTree = "<group>";
		};
		1281385D2A94CAA500B2DC25 /* Preview Content */ = {
			isa = PBXGroup;
			children = (
				1281385E2A94CAA500B2DC25 /* Preview Assets.xcassets */,
			);
			path = "Preview Content";
			sourceTree = "<group>";
		};
/* End PBXGroup section */

/* Begin PBXNativeTarget section */
		128138532A94CAA300B2DC25 /* RecognizingGestures */ = {
			isa = PBXNativeTarget;
			buildConfigurationList = 128138622A94CAA500B2DC25 /* Build configuration list for PBXNativeTarget "RecognizingGestures" */;
			buildPhases = (
				128138502A94CAA300B2DC25 /* Sources */,
				128138512A94CAA300B2DC25 /* Frameworks */,
				128138522A94CAA300B2DC25 /* Resources */,
			);
			buildRules = (
			);
			dependencies = (
			);
			name = RecognizingGestures;
			productName = RecognizingGestures;
			productReference = 128138542A94CAA300B2DC25 /* RecognizingGestures.app */;
			productType = "com.apple.product-type.application";
		};
/* End PBXNativeTarget section */

/* Begin PBXProject section */
		1281384C2A94CAA300B2DC25 /* Project object */ = {
			isa = PBXProject;
			attributes = {
				BuildIndependentTargetsInParallel = 1;
				LastSwiftUpdateCheck = 1420;
				LastUpgradeCheck = 1420;
				TargetAttributes = {
					128138532A94CAA300B2DC25 = {
						CreatedOnToolsVersion = 14.2;
					};
				};
			};
			buildConfigurationList = 1281384F2A94CAA300B2DC25 /* Build configuration list for PBXProject "RecognizingGestures" */;
			compatibilityVersion = "Xcode 14.0";
			developmentRegion = en;
			hasScannedForEncodings = 0;
			knownRegions = (
				en,
				Base,
			);
			mainGroup = 1281384B2A94CAA300B2DC25;
			productRefGroup = 128138552A94CAA300B2DC25 /* Products */;
			projectDirPath = "";
			projectRoot = "";
			targets = (
				128138532A94CAA300B2DC25 /* RecognizingGestures */,
			);
		};
/* End PBXProject section */

/* Begin PBXResourcesBuildPhase section */
		128138522A94CAA300B2DC25 /* Resources */ = {
			isa = PBXResourcesBuildPhase;
			buildActionMask = 2147483647;
			files = (
				1281385F2A94CAA500B2DC25 /* Preview Assets.xcassets in Resources */,
				1281385C2A94CAA500B2DC25 /* Assets.xcassets in Resources */,
			);
			runOnlyForDeploymentPostprocessing = 0;
		};
/* End PBXResourcesBuildPhase section */

/* Begin PBXSourcesBuildPhase section */
		128138502A94CAA300B2DC25 /* Sources */ = {
			isa = PBXSourcesBuildPhase;
			buildActionMask = 2147483647;
			files = (
				1281385A2A94CAA300B2DC25 /* ContentView.swift in Sources */,
				128138582A94CAA300B2DC25 /* RecognizingGesturesApp.swift in Sources */,
				128138662A94CEB300B2DC25 /* TapView.swift in Sources */,
				1281386C2A94F9D800B2DC25 /* RotateView.swift in Sources */,
				128138682A94D23200B2DC25 /* LongPress.swift in Sources */,
				1281386A2A94D66E00B2DC25 /* DragView.swift in Sources */,
				125BA5042A950EBE001C63EB /* LineDraw.swift in Sources */,
			);
			runOnlyForDeploymentPostprocessing = 0;
		};
/* End PBXSourcesBuildPhase section */

/* Begin XCBuildConfiguration section */
		128138602A94CAA500B2DC25 /* Debug */ = {
			isa = XCBuildConfiguration;
			buildSettings = {
				ALWAYS_SEARCH_USER_PATHS = NO;
				CLANG_ANALYZER_NONNULL = YES;
				CLANG_ANALYZER_NUMBER_OBJECT_CONVERSION = YES_AGGRESSIVE;
				CLANG_CXX_LANGUAGE_STANDARD = "gnu++20";
				CLANG_ENABLE_MODULES = YES;
				CLANG_ENABLE_OBJC_ARC = YES;
				CLANG_ENABLE_OBJC_WEAK = YES;
				CLANG_WARN_BLOCK_CAPTURE_AUTORELEASING = YES;
				CLANG_WARN_BOOL_CONVERSION = YES;
				CLANG_WARN_COMMA = YES;
				CLANG_WARN_CONSTANT_CONVERSION = YES;
				CLANG_WARN_DEPRECATED_OBJC_IMPLEMENTATIONS = YES;
				CLANG_WARN_DIRECT_OBJC_ISA_USAGE = YES_ERROR;
				CLANG_WARN_DOCUMENTATION_COMMENTS = YES;
				CLANG_WARN_EMPTY_BODY = YES;
				CLANG_WARN_ENUM_CONVERSION = YES;
				CLANG_WARN_INFINITE_RECURSION = YES;
				CLANG_WARN_INT_CONVERSION = YES;
				CLANG_WARN_NON_LITERAL_NULL_CONVERSION = YES;
				CLANG_WARN_OBJC_IMPLICIT_RETAIN_SELF = YES;
				CLANG_WARN_OBJC_LITERAL_CONVERSION = YES;
				CLANG_WARN_OBJC_ROOT_CLASS = YES_ERROR;
				CLANG_WARN_QUOTED_INCLUDE_IN_FRAMEWORK_HEADER = YES;
				CLANG_WARN_RANGE_LOOP_ANALYSIS = YES;
				CLANG_WARN_STRICT_PROTOTYPES = YES;
				CLANG_WARN_SUSPICIOUS_MOVE = YES;
				CLANG_WARN_UNGUARDED_AVAILABILITY = YES_AGGRESSIVE;
				CLANG_WARN_UNREACHABLE_CODE = YES;
				CLANG_WARN__DUPLICATE_METHOD_MATCH = YES;
				COPY_PHASE_STRIP = NO;
				DEBUG_INFORMATION_FORMAT = dwarf;
				ENABLE_STRICT_OBJC_MSGSEND = YES;
				ENABLE_TESTABILITY = YES;
				GCC_C_LANGUAGE_STANDARD = gnu11;
				GCC_DYNAMIC_NO_PIC = NO;
				GCC_NO_COMMON_BLOCKS = YES;
				GCC_OPTIMIZATION_LEVEL = 0;
				GCC_PREPROCESSOR_DEFINITIONS = (
					"DEBUG=1",
					"$(inherited)",
				);
				GCC_WARN_64_TO_32_BIT_CONVERSION = YES;
				GCC_WARN_ABOUT_RETURN_TYPE = YES_ERROR;
				GCC_WARN_UNDECLARED_SELECTOR = YES;
				GCC_WARN_UNINITIALIZED_AUTOS = YES_AGGRESSIVE;
				GCC_WARN_UNUSED_FUNCTION = YES;
				GCC_WARN_UNUSED_VARIABLE = YES;
				IPHONEOS_DEPLOYMENT_TARGET = 16.2;
				MTL_ENABLE_DEBUG_INFO = INCLUDE_SOURCE;
				MTL_FAST_MATH = YES;
				ONLY_ACTIVE_ARCH = YES;
				SDKROOT = iphoneos;
				SWIFT_ACTIVE_COMPILATION_CONDITIONS = DEBUG;
				SWIFT_OPTIMIZATION_LEVEL = "-Onone";
			};
			name = Debug;
		};
		128138612A94CAA500B2DC25 /* Release */ = {
			isa = XCBuildConfiguration;
			buildSettings = {
				ALWAYS_SEARCH_USER_PATHS = NO;
				CLANG_ANALYZER_NONNULL = YES;
				CLANG_ANALYZER_NUMBER_OBJECT_CONVERSION = YES_AGGRESSIVE;
				CLANG_CXX_LANGUAGE_STANDARD = "gnu++20";
				CLANG_ENABLE_MODULES = YES;
				CLANG_ENABLE_OBJC_ARC = YES;
				CLANG_ENABLE_OBJC_WEAK = YES;
				CLANG_WARN_BLOCK_CAPTURE_AUTORELEASING = YES;
				CLANG_WARN_BOOL_CONVERSION = YES;
				CLANG_WARN_COMMA = YES;
				CLANG_WARN_CONSTANT_CONVERSION = YES;
				CLANG_WARN_DEPRECATED_OBJC_IMPLEMENTATIONS = YES;
				CLANG_WARN_DIRECT_OBJC_ISA_USAGE = YES_ERROR;
				CLANG_WARN_DOCUMENTATION_COMMENTS = YES;
				CLANG_WARN_EMPTY_BODY = YES;
				CLANG_WARN_ENUM_CONVERSION = YES;
				CLANG_WARN_INFINITE_RECURSION = YES;
				CLANG_WARN_INT_CONVERSION = YES;
				CLANG_WARN_NON_LITERAL_NULL_CONVERSION = YES;
				CLANG_WARN_OBJC_IMPLICIT_RETAIN_SELF = YES;
				CLANG_WARN_OBJC_LITERAL_CONVERSION = YES;
				CLANG_WARN_OBJC_ROOT_CLASS = YES_ERROR;
				CLANG_WARN_QUOTED_INCLUDE_IN_FRAMEWORK_HEADER = YES;
				CLANG_WARN_RANGE_LOOP_ANALYSIS = YES;
				CLANG_WARN_STRICT_PROTOTYPES = YES;
				CLANG_WARN_SUSPICIOUS_MOVE = YES;
				CLANG_WARN_UNGUARDED_AVAILABILITY = YES_AGGRESSIVE;
				CLANG_WARN_UNREACHABLE_CODE = YES;
				CLANG_WARN__DUPLICATE_METHOD_MATCH = YES;
				COPY_PHASE_STRIP = NO;
				DEBUG_INFORMATION_FORMAT = "dwarf-with-dsym";
				ENABLE_NS_ASSERTIONS = NO;
				ENABLE_STRICT_OBJC_MSGSEND = YES;
				GCC_C_LANGUAGE_STANDARD = gnu11;
				GCC_NO_COMMON_BLOCKS = YES;
				GCC_WARN_64_TO_32_BIT_CONVERSION = YES;
				GCC_WARN_ABOUT_RETURN_TYPE = YES_ERROR;
				GCC_WARN_UNDECLARED_SELECTOR = YES;
				GCC_WARN_UNINITIALIZED_AUTOS = YES_AGGRESSIVE;
				GCC_WARN_UNUSED_FUNCTION = YES;
				GCC_WARN_UNUSED_VARIABLE = YES;
				IPHONEOS_DEPLOYMENT_TARGET = 16.2;
				MTL_ENABLE_DEBUG_INFO = NO;
				MTL_FAST_MATH = YES;
				SDKROOT = iphoneos;
				SWIFT_COMPILATION_MODE = wholemodule;
				SWIFT_OPTIMIZATION_LEVEL = "-O";
				VALIDATE_PRODUCT = YES;
			};
			name = Release;
		};
		128138632A94CAA500B2DC25 /* Debug */ = {
			isa = XCBuildConfiguration;
			buildSettings = {
				ASSETCATALOG_COMPILER_APPICON_NAME = AppIcon;
				ASSETCATALOG_COMPILER_GLOBAL_ACCENT_COLOR_NAME = AccentColor;
				CODE_SIGN_STYLE = Automatic;
				CURRENT_PROJECT_VERSION = 1;
				DEVELOPMENT_ASSET_PATHS = "\"RecognizingGestures/Preview Content\"";
				ENABLE_PREVIEWS = YES;
				GENERATE_INFOPLIST_FILE = YES;
				INFOPLIST_KEY_UIApplicationSceneManifest_Generation = YES;
				INFOPLIST_KEY_UIApplicationSupportsIndirectInputEvents = YES;
				INFOPLIST_KEY_UILaunchScreen_Generation = YES;
				INFOPLIST_KEY_UISupportedInterfaceOrientations_iPad = "UIInterfaceOrientationPortrait UIInterfaceOrientationPortraitUpsideDown UIInterfaceOrientationLandscapeLeft UIInterfaceOrientationLandscapeRight";
				INFOPLIST_KEY_UISupportedInterfaceOrientations_iPhone = "UIInterfaceOrientationPortrait UIInterfaceOrientationLandscapeLeft UIInterfaceOrientationLandscapeRight";
				LD_RUNPATH_SEARCH_PATHS = (
					"$(inherited)",
					"@executable_path/Frameworks",
				);
				MARKETING_VERSION = 1.0;
				PRODUCT_BUNDLE_IDENTIFIER = sadlye.RecognizingGestures;
				PRODUCT_NAME = "$(TARGET_NAME)";
				SWIFT_EMIT_LOC_STRINGS = YES;
				SWIFT_VERSION = 5.0;
				TARGETED_DEVICE_FAMILY = "1,2";
			};
			name = Debug;
		};
		128138642A94CAA500B2DC25 /* Release */ = {
			isa = XCBuildConfiguration;
			buildSettings = {
				ASSETCATALOG_COMPILER_APPICON_NAME = AppIcon;
				ASSETCATALOG_COMPILER_GLOBAL_ACCENT_COLOR_NAME = AccentColor;
				CODE_SIGN_STYLE = Automatic;
				CURRENT_PROJECT_VERSION = 1;
				DEVELOPMENT_ASSET_PATHS = "\"RecognizingGestures/Preview Content\"";
				ENABLE_PREVIEWS = YES;
				GENERATE_INFOPLIST_FILE = YES;
				INFOPLIST_KEY_UIApplicationSceneManifest_Generation = YES;
				INFOPLIST_KEY_UIApplicationSupportsIndirectInputEvents = YES;
				INFOPLIST_KEY_UILaunchScreen_Generation = YES;
				INFOPLIST_KEY_UISupportedInterfaceOrientations_iPad = "UIInterfaceOrientationPortrait UIInterfaceOrientationPortraitUpsideDown UIInterfaceOrientationLandscapeLeft UIInterfaceOrientationLandscapeRight";
				INFOPLIST_KEY_UISupportedInterfaceOrientations_iPhone = "UIInterfaceOrientationPortrait UIInterfaceOrientationLandscapeLeft UIInterfaceOrientationLandscapeRight";
				LD_RUNPATH_SEARCH_PATHS = (
					"$(inherited)",
					"@executable_path/Frameworks",
				);
				MARKETING_VERSION = 1.0;
				PRODUCT_BUNDLE_IDENTIFIER = sadlye.RecognizingGestures;
				PRODUCT_NAME = "$(TARGET_NAME)";
				SWIFT_EMIT_LOC_STRINGS = YES;
				SWIFT_VERSION = 5.0;
				TARGETED_DEVICE_FAMILY = "1,2";
			};
			name = Release;
		};
/* End XCBuildConfiguration section */

/* Begin XCConfigurationList section */
		1281384F2A94CAA300B2DC25 /* Build configuration list for PBXProject "RecognizingGestures" */ = {
			isa = XCConfigurationList;
			buildConfigurations = (
				128138602A94CAA500B2DC25 /* Debug */,
				128138612A94CAA500B2DC25 /* Release */,
			);
			defaultConfigurationIsVisible = 0;
			defaultConfigurationName = Release;
		};
		128138622A94CAA500B2DC25 /* Build configuration list for PBXNativeTarget "RecognizingGestures" */ = {
			isa = XCConfigurationList;
			buildConfigurations = (
				128138632A94CAA500B2DC25 /* Debug */,
				128138642A94CAA500B2DC25 /* Release */,
			);
			defaultConfigurationIsVisible = 0;
			defaultConfigurationName = Release;
		};
/* End XCConfigurationList section */
	};
	rootObject = 1281384C2A94CAA300B2DC25 /* Project object */;
}
